
Microsoft Visual Studio Solution File, Format Version 12.00
# Visual Studio 15
VisualStudioVersion = 15.0.26730.12
MinimumVisualStudioVersion = 10.0.40219.1
Project("{FAE04EC0-301F-11D3-BF4B-00C04F79EFBC}") = "HappyMVC", "HappyMVC\HappyMVC.csproj", "{4FBF845B-9995-441C-9DA3-88CCBE1DAFC1}"
EndProject
Project("{FAE04EC0-301F-11D3-BF4B-00C04F79EFBC}") = "HappyMVC.Tests", "HappyMVC.Tests\HappyMVC.Tests.csproj", "{942CA340-B99A-4904-843D-06240C05D13D}"
EndProject
Global
	GlobalSection(SolutionConfigurationPlatforms) = preSolution
		Debug|Any CPU = Debug|Any CPU
		Release|Any CPU = Release|Any CPU
	EndGlobalSection
	GlobalSection(ProjectConfigurationPlatforms) = postSolution
		{4FBF845B-9995-441C-9DA3-88CCBE1DAFC1}.Debug|Any CPU.ActiveCfg = Debug|Any CPU
		{4FBF845B-9995-441C-9DA3-88CCBE1DAFC1}.Debug|Any CPU.Build.0 = Debug|Any CPU
		{4FBF845B-9995-441C-9DA3-88CCBE1DAFC1}.Release|Any CPU.ActiveCfg = Release|Any CPU
		{4FBF845B-9995-441C-9DA3-88CCBE1DAFC1}.Release|Any CPU.Build.0 = Release|Any CPU
		{942CA340-B99A-4904-843D-06240C05D13D}.Debug|Any CPU.ActiveCfg = Debug|Any CPU
		{942CA340-B99A-4904-843D-06240C05D13D}.Debug|Any CPU.Build.0 = Debug|Any CPU
		{942CA340-B99A-4904-843D-06240C05D13D}.Release|Any CPU.ActiveCfg = Release|Any CPU
		{942CA340-B99A-4904-843D-06240C05D13D}.Release|Any CPU.Build.0 = Release|Any CPU
	EndGlobalSection
	GlobalSection(SolutionProperties) = preSolution
		HideSolutionNode = FALSE
	EndGlobalSection
	GlobalSection(ExtensibilityGlobals) = postSolution
		SolutionGuid = {E62B3378-30C8-4FAE-BCD2-CF7045AEF314}
	EndGlobalSection
EndGlobal
